
Microsoft Visual Studio Solution File, Format Version 12.00
# Visual Studio 15
Project("{FAE04EC0-301F-11D3-BF4B-00C04F79EFBC}") = "UnityEngine.UI", "UnityEngine.UI.csproj", "{085B5650-FCCA-7FB2-6299-2800350CD46E}"
EndProject
Project("{FAE04EC0-301F-11D3-BF4B-00C04F79EFBC}") = "Assembly-CSharp-firstpass", "Assembly-CSharp-firstpass.csproj", "{B0868F5A-3D16-F4E9-379E-3F69948A26B0}"
EndProject
Project("{FAE04EC0-301F-11D3-BF4B-00C04F79EFBC}") = "Assembly-CSharp", "Assembly-CSharp.csproj", "{3455E5AD-1121-FED2-2183-7728E2543947}"
EndProject
Project("{FAE04EC0-301F-11D3-BF4B-00C04F79EFBC}") = "UnityEditor.UI", "UnityEditor.UI.csproj", "{94D5B23E-7D0D-64CA-D2ED-A4A74A527CB0}"
EndProject
Global
	GlobalSection(SolutionConfigurationPlatforms) = preSolution
		Debug|Any CPU = Debug|Any CPU
		Release|Any CPU = Release|Any CPU
	EndGlobalSection
	GlobalSection(ProjectConfigurationPlatforms) = postSolution
		{085B5650-FCCA-7FB2-6299-2800350CD46E}.Debug|Any CPU.ActiveCfg = Debug|Any CPU
		{085B5650-FCCA-7FB2-6299-2800350CD46E}.Debug|Any CPU.Build.0 = Debug|Any CPU
		{085B5650-FCCA-7FB2-6299-2800350CD46E}.Release|Any CPU.ActiveCfg = Release|Any CPU
		{085B5650-FCCA-7FB2-6299-2800350CD46E}.Release|Any CPU.Build.0 = Release|Any CPU
		{B0868F5A-3D16-F4E9-379E-3F69948A26B0}.Debug|Any CPU.ActiveCfg = Debug|Any CPU
		{B0868F5A-3D16-F4E9-379E-3F69948A26B0}.Debug|Any CPU.Build.0 = Debug|Any CPU
		{B0868F5A-3D16-F4E9-379E-3F69948A26B0}.Release|Any CPU.ActiveCfg = Release|Any CPU
		{B0868F5A-3D16-F4E9-379E-3F69948A26B0}.Release|Any CPU.Build.0 = Release|Any CPU
		{3455E5AD-1121-FED2-2183-7728E2543947}.Debug|Any CPU.ActiveCfg = Debug|Any CPU
		{3455E5AD-1121-FED2-2183-7728E2543947}.Debug|Any CPU.Build.0 = Debug|Any CPU
		{3455E5AD-1121-FED2-2183-7728E2543947}.Release|Any CPU.ActiveCfg = Release|Any CPU
		{3455E5AD-1121-FED2-2183-7728E2543947}.Release|Any CPU.Build.0 = Release|Any CPU
		{94D5B23E-7D0D-64CA-D2ED-A4A74A527CB0}.Debug|Any CPU.ActiveCfg = Debug|Any CPU
		{94D5B23E-7D0D-64CA-D2ED-A4A74A527CB0}.Debug|Any CPU.Build.0 = Debug|Any CPU
		{94D5B23E-7D0D-64CA-D2ED-A4A74A527CB0}.Release|Any CPU.ActiveCfg = Release|Any CPU
		{94D5B23E-7D0D-64CA-D2ED-A4A74A527CB0}.Release|Any CPU.Build.0 = Release|Any CPU
	EndGlobalSection
	GlobalSection(SolutionProperties) = preSolution
		HideSolutionNode = FALSE
	EndGlobalSection
EndGlobal
